
Microsoft Visual Studio Solution File, Format Version 12.00
# Visual Studio Version 17
VisualStudioVersion = 17.5.33516.290
MinimumVisualStudioVersion = 10.0.40219.1
Project("{FAE04EC0-301F-11D3-BF4B-00C04F79EFBC}") = "SuperHeroesApp", "SuperHeroesApp\SuperHeroesApp.csproj", "{DF829C38-D459-4535-A209-1C46328BAD4B}"
EndProject
Global
	GlobalSection(SolutionConfigurationPlatforms) = preSolution
		Debug|Any CPU = Debug|Any CPU
		Release|Any CPU = Release|Any CPU
	EndGlobalSection
	GlobalSection(ProjectConfigurationPlatforms) = postSolution
		{DF829C38-D459-4535-A209-1C46328BAD4B}.Debug|Any CPU.ActiveCfg = Debug|Any CPU
		{DF829C38-D459-4535-A209-1C46328BAD4B}.Debug|Any CPU.Build.0 = Debug|Any CPU
		{DF829C38-D459-4535-A209-1C46328BAD4B}.Release|Any CPU.ActiveCfg = Release|Any CPU
		{DF829C38-D459-4535-A209-1C46328BAD4B}.Release|Any CPU.Build.0 = Release|Any CPU
	EndGlobalSection
	GlobalSection(SolutionProperties) = preSolution
		HideSolutionNode = FALSE
	EndGlobalSection
	GlobalSection(ExtensibilityGlobals) = postSolution
		SolutionGuid = {145F7442-EF45-4B7D-9287-0F8866D80CF5}
	EndGlobalSection
EndGlobal
